Microsoft Visual Studio Solution File, Format Version 11.00
# Visual Studio 2008

Project("{58FB30B3-15D0-FBBB-A10A-AC60C8D69EC4}") = "CopaTresMagos", "Assembly-CSharp.csproj", "{7624F481-B6DA-2B55-8A00-9AD47EF56E48}"
EndProject
Global
	GlobalSection(SolutionConfigurationPlatforms) = preSolution
		Debug|Any CPU = Debug|Any CPU
		Release|Any CPU = Release|Any CPU
	EndGlobalSection
	GlobalSection(ProjectConfigurationPlatforms) = postSolution
		{7624F481-B6DA-2B55-8A00-9AD47EF56E48}.Debug|Any CPU.ActiveCfg = Debug|Any CPU
		{7624F481-B6DA-2B55-8A00-9AD47EF56E48}.Debug|Any CPU.Build.0 = Debug|Any CPU
		{7624F481-B6DA-2B55-8A00-9AD47EF56E48}.Release|Any CPU.ActiveCfg = Release|Any CPU
		{7624F481-B6DA-2B55-8A00-9AD47EF56E48}.Release|Any CPU.Build.0 = Release|Any CPU
	EndGlobalSection
	GlobalSection(SolutionProperties) = preSolution
		HideSolutionNode = FALSE
	EndGlobalSection
	GlobalSection(MonoDevelopProperties) = preSolution
		StartupItem = Assembly-CSharp.csproj
	EndGlobalSection
EndGlobal
